{
    "_meta": {
        "hash": {
            "sha256": "2cdad062591ccc8e2e61188678dd99a93d9005c29ac0382d1031ca997f98fa25"
        },
        "pipfile-spec": 6,
        "requires": {
            "python_version": "3"
        },
        "sources": [
            {
                "name": "pypi",
                "url": "https://pypi.org/simple",
                "verify_ssl": true
            }
        ]
    },
    "default": {},
    "develop": {}
}
